// !$*UTF8*$!
{
	archiveVersion = 1;
	classes = {
	};
	objectVersion = 48;
	objects = {

/* Begin PBXBuildFile section */
		8412E92D2080BBF60021EB7D /* AppDelegate.swift in Sources */ = {isa = PBXBuildFile; fileRef = 8412E92C2080BBF60021EB7D /* AppDelegate.swift */; };
		8412E92F2080BBF60021EB7D /* ViewController.swift in Sources */ = {isa = PBXBuildFile; fileRef = 8412E92E2080BBF60021EB7D /* ViewController.swift */; };
		8412E9322080BBF60021EB7D /* Main.storyboard in Resources */ = {isa = PBXBuildFile; fileRef = 8412E9302080BBF60021EB7D /* Main.storyboard */; };
		8412E9342080BBF60021EB7D /* Assets.xcassets in Resources */ = {isa = PBXBuildFile; fileRef = 8412E9332080BBF60021EB7D /* Assets.xcassets */; };
		8412E9372080BBF60021EB7D /* LaunchScreen.storyboard in Resources */ = {isa = PBXBuildFile; fileRef = 8412E9352080BBF60021EB7D /* LaunchScreen.storyboard */; };
		8412E9422080BBF60021EB7D /* TechMonsterTests.swift in Sources */ = {isa = PBXBuildFile; fileRef = 8412E9412080BBF60021EB7D /* TechMonsterTests.swift */; };
		8412E94D2080BBF60021EB7D /* TechMonsterUITests.swift in Sources */ = {isa = PBXBuildFile; fileRef = 8412E94C2080BBF60021EB7D /* TechMonsterUITests.swift */; };
		8412E9712080BC6A0021EB7D /* misaki_gothic.ttf in Resources */ = {isa = PBXBuildFile; fileRef = 8412E95C2080BC6A0021EB7D /* misaki_gothic.ttf */; };
		8412E9722080BC6A0021EB7D /* battlebg.png in Resources */ = {isa = PBXBuildFile; fileRef = 8412E95E2080BC6A0021EB7D /* battlebg.png */; };
		8412E9732080BC6A0021EB7D /* bgimage.jpg in Resources */ = {isa = PBXBuildFile; fileRef = 8412E95F2080BC6A0021EB7D /* bgimage.jpg */; };
		8412E9742080BC6A0021EB7D /* gold_button.png in Resources */ = {isa = PBXBuildFile; fileRef = 8412E9602080BC6A0021EB7D /* gold_button.png */; };
		8412E9752080BC6A0021EB7D /* lobby.png in Resources */ = {isa = PBXBuildFile; fileRef = 8412E9612080BC6A0021EB7D /* lobby.png */; };
		8412E9762080BC6A0021EB7D /* monster.png in Resources */ = {isa = PBXBuildFile; fileRef = 8412E9622080BC6A0021EB7D /* monster.png */; };
		8412E9772080BC6A0021EB7D /* waku.png in Resources */ = {isa = PBXBuildFile; fileRef = 8412E9632080BC6A0021EB7D /* waku.png */; };
		8412E9782080BC6A0021EB7D /* yusya.png in Resources */ = {isa = PBXBuildFile; fileRef = 8412E9642080BC6A0021EB7D /* yusya.png */; };
		8412E9792080BC6A0021EB7D /* Enemy.swift in Sources */ = {isa = PBXBuildFile; fileRef = 8412E9662080BC6A0021EB7D /* Enemy.swift */; };
		8412E97A2080BC6A0021EB7D /* Player.swift in Sources */ = {isa = PBXBuildFile; fileRef = 8412E9672080BC6A0021EB7D /* Player.swift */; };
		8412E97B2080BC6A0021EB7D /* TechDraUtil.swift in Sources */ = {isa = PBXBuildFile; fileRef = 8412E9682080BC6A0021EB7D /* TechDraUtil.swift */; };
		8412E97C2080BC6A0021EB7D /* BGM_battle001.mp3 in Resources */ = {isa = PBXBuildFile; fileRef = 8412E96A2080BC6A0021EB7D /* BGM_battle001.mp3 */; };
		8412E97D2080BC6A0021EB7D /* lobby.mp3 in Resources */ = {isa = PBXBuildFile; fileRef = 8412E96B2080BC6A0021EB7D /* lobby.mp3 */; };
		8412E97E2080BC6A0021EB7D /* SE_attack.mp3 in Resources */ = {isa = PBXBuildFile; fileRef = 8412E96C2080BC6A0021EB7D /* SE_attack.mp3 */; };
		8412E97F2080BC6A0021EB7D /* SE_charge.mp3 in Resources */ = {isa = PBXBuildFile; fileRef = 8412E96D2080BC6A0021EB7D /* SE_charge.mp3 */; };
		8412E9802080BC6A0021EB7D /* SE_fanfare.mp3 in Resources */ = {isa = PBXBuildFile; fileRef = 8412E96E2080BC6A0021EB7D /* SE_fanfare.mp3 */; };
		8412E9812080BC6A0021EB7D /* SE_fire.mp3 in Resources */ = {isa = PBXBuildFile; fileRef = 8412E96F2080BC6A0021EB7D /* SE_fire.mp3 */; };
		8412E9822080BC6A0021EB7D /* SE_gameover.mp3 in Resources */ = {isa = PBXBuildFile; fileRef = 8412E9702080BC6A0021EB7D /* SE_gameover.mp3 */; };
		8412E9852080D18C0021EB7D /* LobbyViewController.swift in Sources */ = {isa = PBXBuildFile; fileRef = 8412E9832080D18C0021EB7D /* LobbyViewController.swift */; };
		8412E9862080D18C0021EB7D /* LobbyViewController.xib in Resources */ = {isa = PBXBuildFile; fileRef = 8412E9842080D18C0021EB7D /* LobbyViewController.xib */; };
		8412E9882080D1A80021EB7D /* BattleViewController.swift in Sources */ = {isa = PBXBuildFile; fileRef = 8412E9872080D1A80021EB7D /* BattleViewController.swift */; };
/* End PBXBuildFile section */

/* Begin PBXContainerItemProxy section */
		8412E93E2080BBF60021EB7D /* PBXContainerItemProxy */ = {
			isa = PBXContainerItemProxy;
			containerPortal = 8412E9212080BBF60021EB7D /* Project object */;
			proxyType = 1;
			remoteGlobalIDString = 8412E9282080BBF60021EB7D;
			remoteInfo = TechMonster;
		};
		8412E9492080BBF60021EB7D /* PBXContainerItemProxy */ = {
			isa = PBXContainerItemProxy;
			containerPortal = 8412E9212080BBF60021EB7D /* Project object */;
			proxyType = 1;
			remoteGlobalIDString = 8412E9282080BBF60021EB7D;
			remoteInfo = TechMonster;
		};
/* End PBXContainerItemProxy section */

/* Begin PBXFileReference section */
		8412E9292080BBF60021EB7D /* TechMonster.app */ = {isa = PBXFileReference; explicitFileType = wrapper.application; includeInIndex = 0; path = TechMonster.app; sourceTree = BUILT_PRODUCTS_DIR; };
		8412E92C2080BBF60021EB7D /* AppDelegate.swift */ = {isa = PBXFileReference; lastKnownFileType = sourcecode.swift; path = AppDelegate.swift; sourceTree = "<group>"; };
		8412E92E2080BBF60021EB7D /* ViewController.swift */ = {isa = PBXFileReference; lastKnownFileType = sourcecode.swift; path = ViewController.swift; sourceTree = "<group>"; };
		8412E9312080BBF60021EB7D /* Base */ = {isa = PBXFileReference; lastKnownFileType = file.storyboard; name = Base; path = Base.lproj/Main.storyboard; sourceTree = "<group>"; };
		8412E9332080BBF60021EB7D /* Assets.xcassets */ = {isa = PBXFileReference; lastKnownFileType = folder.assetcatalog; path = Assets.xcassets; sourceTree = "<group>"; };
		8412E9362080BBF60021EB7D /* Base */ = {isa = PBXFileReference; lastKnownFileType = file.storyboard; name = Base; path = Base.lproj/LaunchScreen.storyboard; sourceTree = "<group>"; };
		8412E9382080BBF60021EB7D /* Info.plist */ = {isa = PBXFileReference; lastKnownFileType = text.plist.xml; path = Info.plist; sourceTree = "<group>"; };
		8412E93D2080BBF60021EB7D /* TechMonsterTests.xctest */ = {isa = PBXFileReference; explicitFileType = wrapper.cfbundle; includeInIndex = 0; path = TechMonsterTests.xctest; sourceTree = BUILT_PRODUCTS_DIR; };
		8412E9412080BBF60021EB7D /* TechMonsterTests.swift */ = {isa = PBXFileReference; lastKnownFileType = sourcecode.swift; path = TechMonsterTests.swift; sourceTree = "<group>"; };
		8412E9432080BBF60021EB7D /* Info.plist */ = {isa = PBXFileReference; lastKnownFileType = text.plist.xml; path = Info.plist; sourceTree = "<group>"; };
		8412E9482080BBF60021EB7D /* TechMonsterUITests.xctest */ = {isa = PBXFileReference; explicitFileType = wrapper.cfbundle; includeInIndex = 0; path = TechMonsterUITests.xctest; sourceTree = BUILT_PRODUCTS_DIR; };
		8412E94C2080BBF60021EB7D /* TechMonsterUITests.swift */ = {isa = PBXFileReference; lastKnownFileType = sourcecode.swift; path = TechMonsterUITests.swift; sourceTree = "<group>"; };
		8412E94E2080BBF60021EB7D /* Info.plist */ = {isa = PBXFileReference; lastKnownFileType = text.plist.xml; path = Info.plist; sourceTree = "<group>"; };
		8412E95C2080BC6A0021EB7D /* misaki_gothic.ttf */ = {isa = PBXFileReference; lastKnownFileType = file; path = misaki_gothic.ttf; sourceTree = "<group>"; };
		8412E95E2080BC6A0021EB7D /* battlebg.png */ = {isa = PBXFileReference; lastKnownFileType = image.png; path = battlebg.png; sourceTree = "<group>"; };
		8412E95F2080BC6A0021EB7D /* bgimage.jpg */ = {isa = PBXFileReference; lastKnownFileType = image.jpeg; path = bgimage.jpg; sourceTree = "<group>"; };
		8412E9602080BC6A0021EB7D /* gold_button.png */ = {isa = PBXFileReference; lastKnownFileType = image.png; path = gold_button.png; sourceTree = "<group>"; };
		8412E9612080BC6A0021EB7D /* lobby.png */ = {isa = PBXFileReference; lastKnownFileType = image.png; path = lobby.png; sourceTree = "<group>"; };
		8412E9622080BC6A0021EB7D /* monster.png */ = {isa = PBXFileReference; lastKnownFileType = image.png; path = monster.png; sourceTree = "<group>"; };
		8412E9632080BC6A0021EB7D /* waku.png */ = {isa = PBXFileReference; lastKnownFileType = image.png; path = waku.png; sourceTree = "<group>"; };
		8412E9642080BC6A0021EB7D /* yusya.png */ = {isa = PBXFileReference; lastKnownFileType = image.png; path = yusya.png; sourceTree = "<group>"; };
		8412E9662080BC6A0021EB7D /* Enemy.swift */ = {isa = PBXFileReference; fileEncoding = 4; lastKnownFileType = sourcecode.swift; path = Enemy.swift; sourceTree = "<group>"; };
		8412E9672080BC6A0021EB7D /* Player.swift */ = {isa = PBXFileReference; fileEncoding = 4; lastKnownFileType = sourcecode.swift; path = Player.swift; sourceTree = "<group>"; };
		8412E9682080BC6A0021EB7D /* TechDraUtil.swift */ = {isa = PBXFileReference; fileEncoding = 4; lastKnownFileType = sourcecode.swift; path = TechDraUtil.swift; sourceTree = "<group>"; };
		8412E96A2080BC6A0021EB7D /* BGM_battle001.mp3 */ = {isa = PBXFileReference; lastKnownFileType = audio.mp3; path = BGM_battle001.mp3; sourceTree = "<group>"; };
		8412E96B2080BC6A0021EB7D /* lobby.mp3 */ = {isa = PBXFileReference; lastKnownFileType = audio.mp3; path = lobby.mp3; sourceTree = "<group>"; };
		8412E96C2080BC6A0021EB7D /* SE_attack.mp3 */ = {isa = PBXFileReference; lastKnownFileType = audio.mp3; path = SE_attack.mp3; sourceTree = "<group>"; };
		8412E96D2080BC6A0021EB7D /* SE_charge.mp3 */ = {isa = PBXFileReference; lastKnownFileType = audio.mp3; path = SE_charge.mp3; sourceTree = "<group>"; };
		8412E96E2080BC6A0021EB7D /* SE_fanfare.mp3 */ = {isa = PBXFileReference; lastKnownFileType = audio.mp3; path = SE_fanfare.mp3; sourceTree = "<group>"; };
		8412E96F2080BC6A0021EB7D /* SE_fire.mp3 */ = {isa = PBXFileReference; lastKnownFileType = audio.mp3; path = SE_fire.mp3; sourceTree = "<group>"; };
		8412E9702080BC6A0021EB7D /* SE_gameover.mp3 */ = {isa = PBXFileReference; lastKnownFileType = audio.mp3; path = SE_gameover.mp3; sourceTree = "<group>"; };
		8412E9832080D18C0021EB7D /* LobbyViewController.swift */ = {isa = PBXFileReference; lastKnownFileType = sourcecode.swift; path = LobbyViewController.swift; sourceTree = "<group>"; };
		8412E9842080D18C0021EB7D /* LobbyViewController.xib */ = {isa = PBXFileReference; lastKnownFileType = file.xib; path = LobbyViewController.xib; sourceTree = "<group>"; };
		8412E9872080D1A80021EB7D /* BattleViewController.swift */ = {isa = PBXFileReference; lastKnownFileType = sourcecode.swift; path = BattleViewController.swift; sourceTree = "<group>"; };
/* End PBXFileReference section */

/* Begin PBXFrameworksBuildPhase section */
		8412E9262080BBF60021EB7D /* Frameworks */ = {
			isa = PBXFrameworksBuildPhase;
			buildActionMask = 2147483647;
			files = (
			);
			runOnlyForDeploymentPostprocessing = 0;
		};
		8412E93A2080BBF60021EB7D /* Frameworks */ = {
			isa = PBXFrameworksBuildPhase;
			buildActionMask = 2147483647;
			files = (
			);
			runOnlyForDeploymentPostprocessing = 0;
		};
		8412E9452080BBF60021EB7D /* Frameworks */ = {
			isa = PBXFrameworksBuildPhase;
			buildActionMask = 2147483647;
			files = (
			);
			runOnlyForDeploymentPostprocessing = 0;
		};
/* End PBXFrameworksBuildPhase section */

/* Begin PBXGroup section */
		8412E9202080BBF60021EB7D = {
			isa = PBXGroup;
			children = (
				8412E92B2080BBF60021EB7D /* TechMonster */,
				8412E9402080BBF60021EB7D /* TechMonsterTests */,
				8412E94B2080BBF60021EB7D /* TechMonsterUITests */,
				8412E92A2080BBF60021EB7D /* Products */,
			);
			sourceTree = "<group>";
		};
		8412E92A2080BBF60021EB7D /* Products */ = {
			isa = PBXGroup;
			children = (
				8412E9292080BBF60021EB7D /* TechMonster.app */,
				8412E93D2080BBF60021EB7D /* TechMonsterTests.xctest */,
				8412E9482080BBF60021EB7D /* TechMonsterUITests.xctest */,
			);
			name = Products;
			sourceTree = "<group>";
		};
		8412E92B2080BBF60021EB7D /* TechMonster */ = {
			isa = PBXGroup;
			children = (
				8412E95A2080BC6A0021EB7D /* TechMon_Resources */,
				8412E92C2080BBF60021EB7D /* AppDelegate.swift */,
				8412E92E2080BBF60021EB7D /* ViewController.swift */,
				8412E9302080BBF60021EB7D /* Main.storyboard */,
				8412E9832080D18C0021EB7D /* LobbyViewController.swift */,
				8412E9842080D18C0021EB7D /* LobbyViewController.xib */,
				8412E9872080D1A80021EB7D /* BattleViewController.swift */,
				8412E9332080BBF60021EB7D /* Assets.xcassets */,
				8412E9352080BBF60021EB7D /* LaunchScreen.storyboard */,
				8412E9382080BBF60021EB7D /* Info.plist */,
			);
			path = TechMonster;
			sourceTree = "<group>";
		};
		8412E9402080BBF60021EB7D /* TechMonsterTests */ = {
			isa = PBXGroup;
			children = (
				8412E9412080BBF60021EB7D /* TechMonsterTests.swift */,
				8412E9432080BBF60021EB7D /* Info.plist */,
			);
			path = TechMonsterTests;
			sourceTree = "<group>";
		};
		8412E94B2080BBF60021EB7D /* TechMonsterUITests */ = {
			isa = PBXGroup;
			children = (
				8412E94C2080BBF60021EB7D /* TechMonsterUITests.swift */,
				8412E94E2080BBF60021EB7D /* Info.plist */,
			);
			path = TechMonsterUITests;
			sourceTree = "<group>";
		};
		8412E95A2080BC6A0021EB7D /* TechMon_Resources */ = {
			isa = PBXGroup;
			children = (
				8412E95B2080BC6A0021EB7D /* Fonts */,
				8412E95D2080BC6A0021EB7D /* Images */,
				8412E9652080BC6A0021EB7D /* Models */,
				8412E9692080BC6A0021EB7D /* Sounds */,
			);
			path = TechMon_Resources;
			sourceTree = "<group>";
		};
		8412E95B2080BC6A0021EB7D /* Fonts */ = {
			isa = PBXGroup;
			children = (
				8412E95C2080BC6A0021EB7D /* misaki_gothic.ttf */,
			);
			path = Fonts;
			sourceTree = "<group>";
		};
		8412E95D2080BC6A0021EB7D /* Images */ = {
			isa = PBXGroup;
			children = (
				8412E95E2080BC6A0021EB7D /* battlebg.png */,
				8412E95F2080BC6A0021EB7D /* bgimage.jpg */,
				8412E9602080BC6A0021EB7D /* gold_button.png */,
				8412E9612080BC6A0021EB7D /* lobby.png */,
				8412E9622080BC6A0021EB7D /* monster.png */,
				8412E9632080BC6A0021EB7D /* waku.png */,
				8412E9642080BC6A0021EB7D /* yusya.png */,
			);
			path = Images;
			sourceTree = "<group>";
		};
		8412E9652080BC6A0021EB7D /* Models */ = {
			isa = PBXGroup;
			children = (
				8412E9662080BC6A0021EB7D /* Enemy.swift */,
				8412E9672080BC6A0021EB7D /* Player.swift */,
				8412E9682080BC6A0021EB7D /* TechDraUtil.swift */,
			);
			path = Models;
			sourceTree = "<group>";
		};
		8412E9692080BC6A0021EB7D /* Sounds */ = {
			isa = PBXGroup;
			children = (
				8412E96A2080BC6A0021EB7D /* BGM_battle001.mp3 */,
				8412E96B2080BC6A0021EB7D /* lobby.mp3 */,
				8412E96C2080BC6A0021EB7D /* SE_attack.mp3 */,
				8412E96D2080BC6A0021EB7D /* SE_charge.mp3 */,
				8412E96E2080BC6A0021EB7D /* SE_fanfare.mp3 */,
				8412E96F2080BC6A0021EB7D /* SE_fire.mp3 */,
				8412E9702080BC6A0021EB7D /* SE_gameover.mp3 */,
			);
			path = Sounds;
			sourceTree = "<group>";
		};
/* End PBXGroup section */

/* Begin PBXNativeTarget section */
		8412E9282080BBF60021EB7D /* TechMonster */ = {
			isa = PBXNativeTarget;
			buildConfigurationList = 8412E9512080BBF60021EB7D /* Build configuration list for PBXNativeTarget "TechMonster" */;
			buildPhases = (
				8412E9252080BBF60021EB7D /* Sources */,
				8412E9262080BBF60021EB7D /* Frameworks */,
				8412E9272080BBF60021EB7D /* Resources */,
			);
			buildRules = (
			);
			dependencies = (
			);
			name = TechMonster;
			productName = TechMonster;
			productReference = 8412E9292080BBF60021EB7D /* TechMonster.app */;
			productType = "com.apple.product-type.application";
		};
		8412E93C2080BBF60021EB7D /* TechMonsterTests */ = {
			isa = PBXNativeTarget;
			buildConfigurationList = 8412E9542080BBF60021EB7D /* Build configuration list for PBXNativeTarget "TechMonsterTests" */;
			buildPhases = (
				8412E9392080BBF60021EB7D /* Sources */,
				8412E93A2080BBF60021EB7D /* Frameworks */,
				8412E93B2080BBF60021EB7D /* Resources */,
			);
			buildRules = (
			);
			dependencies = (
				8412E93F2080BBF60021EB7D /* PBXTargetDependency */,
			);
			name = TechMonsterTests;
			productName = TechMonsterTests;
			productReference = 8412E93D2080BBF60021EB7D /* TechMonsterTests.xctest */;
			productType = "com.apple.product-type.bundle.unit-test";
		};
		8412E9472080BBF60021EB7D /* TechMonsterUITests */ = {
			isa = PBXNativeTarget;
			buildConfigurationList = 8412E9572080BBF60021EB7D /* Build configuration list for PBXNativeTarget "TechMonsterUITests" */;
			buildPhases = (
				8412E9442080BBF60021EB7D /* Sources */,
				8412E9452080BBF60021EB7D /* Frameworks */,
				8412E9462080BBF60021EB7D /* Resources */,
			);
			buildRules = (
			);
			dependencies = (
				8412E94A2080BBF60021EB7D /* PBXTargetDependency */,
			);
			name = TechMonsterUITests;
			productName = TechMonsterUITests;
			productReference = 8412E9482080BBF60021EB7D /* TechMonsterUITests.xctest */;
			productType = "com.apple.product-type.bundle.ui-testing";
		};
/* End PBXNativeTarget section */

/* Begin PBXProject section */
		8412E9212080BBF60021EB7D /* Project object */ = {
			isa = PBXProject;
			attributes = {
				LastSwiftUpdateCheck = 0920;
				LastUpgradeCheck = 0920;
				ORGANIZATIONNAME = "Yoshiki Kishimoto";
				TargetAttributes = {
					8412E9282080BBF60021EB7D = {
						CreatedOnToolsVersion = 9.2;
						ProvisioningStyle = Automatic;
					};
					8412E93C2080BBF60021EB7D = {
						CreatedOnToolsVersion = 9.2;
						ProvisioningStyle = Automatic;
						TestTargetID = 8412E9282080BBF60021EB7D;
					};
					8412E9472080BBF60021EB7D = {
						CreatedOnToolsVersion = 9.2;
						ProvisioningStyle = Automatic;
						TestTargetID = 8412E9282080BBF60021EB7D;
					};
				};
			};
			buildConfigurationList = 8412E9242080BBF60021EB7D /* Build configuration list for PBXProject "TechMonster" */;
			compatibilityVersion = "Xcode 8.0";
			developmentRegion = en;
			hasScannedForEncodings = 0;
			knownRegions = (
				en,
				Base,
			);
			mainGroup = 8412E9202080BBF60021EB7D;
			productRefGroup = 8412E92A2080BBF60021EB7D /* Products */;
			projectDirPath = "";
			projectRoot = "";
			targets = (
				8412E9282080BBF60021EB7D /* TechMonster */,
				8412E93C2080BBF60021EB7D /* TechMonsterTests */,
				8412E9472080BBF60021EB7D /* TechMonsterUITests */,
			);
		};
/* End PBXProject section */

/* Begin PBXResourcesBuildPhase section */
		8412E9272080BBF60021EB7D /* Resources */ = {
			isa = PBXResourcesBuildPhase;
			buildActionMask = 2147483647;
			files = (
				8412E9732080BC6A0021EB7D /* bgimage.jpg in Resources */,
				8412E9772080BC6A0021EB7D /* waku.png in Resources */,
				8412E9712080BC6A0021EB7D /* misaki_gothic.ttf in Resources */,
				8412E97D2080BC6A0021EB7D /* lobby.mp3 in Resources */,
				8412E9762080BC6A0021EB7D /* monster.png in Resources */,
				8412E9372080BBF60021EB7D /* LaunchScreen.storyboard in Resources */,
				8412E9812080BC6A0021EB7D /* SE_fire.mp3 in Resources */,
				8412E9802080BC6A0021EB7D /* SE_fanfare.mp3 in Resources */,
				8412E97E2080BC6A0021EB7D /* SE_attack.mp3 in Resources */,
				8412E9782080BC6A0021EB7D /* yusya.png in Resources */,
				8412E9742080BC6A0021EB7D /* gold_button.png in Resources */,
				8412E9752080BC6A0021EB7D /* lobby.png in Resources */,
				8412E9862080D18C0021EB7D /* LobbyViewController.xib in Resources */,
				8412E9822080BC6A0021EB7D /* SE_gameover.mp3 in Resources */,
				8412E97F2080BC6A0021EB7D /* SE_charge.mp3 in Resources */,
				8412E9342080BBF60021EB7D /* Assets.xcassets in Resources */,
				8412E97C2080BC6A0021EB7D /* BGM_battle001.mp3 in Resources */,
				8412E9722080BC6A0021EB7D /* battlebg.png in Resources */,
				8412E9322080BBF60021EB7D /* Main.storyboard in Resources */,
			);
			runOnlyForDeploymentPostprocessing = 0;
		};
		8412E93B2080BBF60021EB7D /* Resources */ = {
			isa = PBXResourcesBuildPhase;
			buildActionMask = 2147483647;
			files = (
			);
			runOnlyForDeploymentPostprocessing = 0;
		};
		8412E9462080BBF60021EB7D /* Resources */ = {
			isa = PBXResourcesBuildPhase;
			buildActionMask = 2147483647;
			files = (
			);
			runOnlyForDeploymentPostprocessing = 0;
		};
/* End PBXResourcesBuildPhase section */

/* Begin PBXSourcesBuildPhase section */
		8412E9252080BBF60021EB7D /* Sources */ = {
			isa = PBXSourcesBuildPhase;
			buildActionMask = 2147483647;
			files = (
				8412E9882080D1A80021EB7D /* BattleViewController.swift in Sources */,
				8412E97A2080BC6A0021EB7D /* Player.swift in Sources */,
				8412E92F2080BBF60021EB7D /* ViewController.swift in Sources */,
				8412E92D2080BBF60021EB7D /* AppDelegate.swift in Sources */,
				8412E9852080D18C0021EB7D /* LobbyViewController.swift in Sources */,
				8412E9792080BC6A0021EB7D /* Enemy.swift in Sources */,
				8412E97B2080BC6A0021EB7D /* TechDraUtil.swift in Sources */,
			);
			runOnlyForDeploymentPostprocessing = 0;
		};
		8412E9392080BBF60021EB7D /* Sources */ = {
			isa = PBXSourcesBuildPhase;
			buildActionMask = 2147483647;
			files = (
				8412E9422080BBF60021EB7D /* TechMonsterTests.swift in Sources */,
			);
			runOnlyForDeploymentPostprocessing = 0;
		};
		8412E9442080BBF60021EB7D /* Sources */ = {
			isa = PBXSourcesBuildPhase;
			buildActionMask = 2147483647;
			files = (
				8412E94D2080BBF60021EB7D /* TechMonsterUITests.swift in Sources */,
			);
			runOnlyForDeploymentPostprocessing = 0;
		};
/* End PBXSourcesBuildPhase section */

/* Begin PBXTargetDependency section */
		8412E93F2080BBF60021EB7D /* PBXTargetDependency */ = {
			isa = PBXTargetDependency;
			target = 8412E9282080BBF60021EB7D /* TechMonster */;
			targetProxy = 8412E93E2080BBF60021EB7D /* PBXContainerItemProxy */;
		};
		8412E94A2080BBF60021EB7D /* PBXTargetDependency */ = {
			isa = PBXTargetDependency;
			target = 8412E9282080BBF60021EB7D /* TechMonster */;
			targetProxy = 8412E9492080BBF60021EB7D /* PBXContainerItemProxy */;
		};
/* End PBXTargetDependency section */

/* Begin PBXVariantGroup section */
		8412E9302080BBF60021EB7D /* Main.storyboard */ = {
			isa = PBXVariantGroup;
			children = (
				8412E9312080BBF60021EB7D /* Base */,
			);
			name = Main.storyboard;
			sourceTree = "<group>";
		};
		8412E9352080BBF60021EB7D /* LaunchScreen.storyboard */ = {
			isa = PBXVariantGroup;
			children = (
				8412E9362080BBF60021EB7D /* Base */,
			);
			name = LaunchScreen.storyboard;
			sourceTree = "<group>";
		};
/* End PBXVariantGroup section */

/* Begin XCBuildConfiguration section */
		8412E94F2080BBF60021EB7D /* Debug */ = {
			isa = XCBuildConfiguration;
			buildSettings = {
				ALWAYS_SEARCH_USER_PATHS = NO;
				CLANG_ANALYZER_NONNULL = YES;
				CLANG_ANALYZER_NUMBER_OBJECT_CONVERSION = YES_AGGRESSIVE;
				CLANG_CXX_LANGUAGE_STANDARD = "gnu++14";
				CLANG_CXX_LIBRARY = "libc++";
				CLANG_ENABLE_MODULES = YES;
				CLANG_ENABLE_OBJC_ARC = YES;
				CLANG_WARN_BLOCK_CAPTURE_AUTORELEASING = YES;
				CLANG_WARN_BOOL_CONVERSION = YES;
				CLANG_WARN_COMMA = YES;
				CLANG_WARN_CONSTANT_CONVERSION = YES;
				CLANG_WARN_DIRECT_OBJC_ISA_USAGE = YES_ERROR;
				CLANG_WARN_DOCUMENTATION_COMMENTS = YES;
				CLANG_WARN_EMPTY_BODY = YES;
				CLANG_WARN_ENUM_CONVERSION = YES;
				CLANG_WARN_INFINITE_RECURSION = YES;
				CLANG_WARN_INT_CONVERSION = YES;
				CLANG_WARN_NON_LITERAL_NULL_CONVERSION = YES;
				CLANG_WARN_OBJC_LITERAL_CONVERSION = YES;
				CLANG_WARN_OBJC_ROOT_CLASS = YES_ERROR;
				CLANG_WARN_RANGE_LOOP_ANALYSIS = YES;
				CLANG_WARN_STRICT_PROTOTYPES = YES;
				CLANG_WARN_SUSPICIOUS_MOVE = YES;
				CLANG_WARN_UNGUARDED_AVAILABILITY = YES_AGGRESSIVE;
				CLANG_WARN_UNREACHABLE_CODE = YES;
				CLANG_WARN__DUPLICATE_METHOD_MATCH = YES;
				CODE_SIGN_IDENTITY = "iPhone Developer";
				COPY_PHASE_STRIP = NO;
				DEBUG_INFORMATION_FORMAT = dwarf;
				ENABLE_STRICT_OBJC_MSGSEND = YES;
				ENABLE_TESTABILITY = YES;
				GCC_C_LANGUAGE_STANDARD = gnu11;
				GCC_DYNAMIC_NO_PIC = NO;
				GCC_NO_COMMON_BLOCKS = YES;
				GCC_OPTIMIZATION_LEVEL = 0;
				GCC_PREPROCESSOR_DEFINITIONS = (
					"DEBUG=1",
					"$(inherited)",
				);
				GCC_WARN_64_TO_32_BIT_CONVERSION = YES;
				GCC_WARN_ABOUT_RETURN_TYPE = YES_ERROR;
				GCC_WARN_UNDECLARED_SELECTOR = YES;
				GCC_WARN_UNINITIALIZED_AUTOS = YES_AGGRESSIVE;
				GCC_WARN_UNUSED_FUNCTION = YES;
				GCC_WARN_UNUSED_VARIABLE = YES;
				IPHONEOS_DEPLOYMENT_TARGET = 11.2;
				MTL_ENABLE_DEBUG_INFO = YES;
				ONLY_ACTIVE_ARCH = YES;
				SDKROOT = iphoneos;
				SWIFT_ACTIVE_COMPILATION_CONDITIONS = DEBUG;
				SWIFT_OPTIMIZATION_LEVEL = "-Onone";
			};
			name = Debug;
		};
		8412E9502080BBF60021EB7D /* Release */ = {
			isa = XCBuildConfiguration;
			buildSettings = {
				ALWAYS_SEARCH_USER_PATHS = NO;
				CLANG_ANALYZER_NONNULL = YES;
				CLANG_ANALYZER_NUMBER_OBJECT_CONVERSION = YES_AGGRESSIVE;
				CLANG_CXX_LANGUAGE_STANDARD = "gnu++14";
				CLANG_CXX_LIBRARY = "libc++";
				CLANG_ENABLE_MODULES = YES;
				CLANG_ENABLE_OBJC_ARC = YES;
				CLANG_WARN_BLOCK_CAPTURE_AUTORELEASING = YES;
				CLANG_WARN_BOOL_CONVERSION = YES;
				CLANG_WARN_COMMA = YES;
				CLANG_WARN_CONSTANT_CONVERSION = YES;
				CLANG_WARN_DIRECT_OBJC_ISA_USAGE = YES_ERROR;
				CLANG_WARN_DOCUMENTATION_COMMENTS = YES;
				CLANG_WARN_EMPTY_BODY = YES;
				CLANG_WARN_ENUM_CONVERSION = YES;
				CLANG_WARN_INFINITE_RECURSION = YES;
				CLANG_WARN_INT_CONVERSION = YES;
				CLANG_WARN_NON_LITERAL_NULL_CONVERSION = YES;
				CLANG_WARN_OBJC_LITERAL_CONVERSION = YES;
				CLANG_WARN_OBJC_ROOT_CLASS = YES_ERROR;
				CLANG_WARN_RANGE_LOOP_ANALYSIS = YES;
				CLANG_WARN_STRICT_PROTOTYPES = YES;
				CLANG_WARN_SUSPICIOUS_MOVE = YES;
				CLANG_WARN_UNGUARDED_AVAILABILITY = YES_AGGRESSIVE;
				CLANG_WARN_UNREACHABLE_CODE = YES;
				CLANG_WARN__DUPLICATE_METHOD_MATCH = YES;
				CODE_SIGN_IDENTITY = "iPhone Developer";
				COPY_PHASE_STRIP = NO;
				DEBUG_INFORMATION_FORMAT = "dwarf-with-dsym";
				ENABLE_NS_ASSERTIONS = NO;
				ENABLE_STRICT_OBJC_MSGSEND = YES;
				GCC_C_LANGUAGE_STANDARD = gnu11;
				GCC_NO_COMMON_BLOCKS = YES;
				GCC_WARN_64_TO_32_BIT_CONVERSION = YES;
				GCC_WARN_ABOUT_RETURN_TYPE = YES_ERROR;
				GCC_WARN_UNDECLARED_SELECTOR = YES;
				GCC_WARN_UNINITIALIZED_AUTOS = YES_AGGRESSIVE;
				GCC_WARN_UNUSED_FUNCTION = YES;
				GCC_WARN_UNUSED_VARIABLE = YES;
				IPHONEOS_DEPLOYMENT_TARGET = 11.2;
				MTL_ENABLE_DEBUG_INFO = NO;
				SDKROOT = iphoneos;
				SWIFT_OPTIMIZATION_LEVEL = "-Owholemodule";
				VALIDATE_PRODUCT = YES;
			};
			name = Release;
		};
		8412E9522080BBF60021EB7D /* Debug */ = {
			isa = XCBuildConfiguration;
			buildSettings = {
				ASSETCATALOG_COMPILER_APPICON_NAME = AppIcon;
				CODE_SIGN_STYLE = Automatic;
				INFOPLIST_FILE = TechMonster/Info.plist;
				LD_RUNPATH_SEARCH_PATHS = "$(inherited) @executable_path/Frameworks";
				PRODUCT_BUNDLE_IDENTIFIER = com.yoshiki.TechMonster;
				PRODUCT_NAME = "$(TARGET_NAME)";
				SWIFT_VERSION = 4.0;
				TARGETED_DEVICE_FAMILY = "1,2";
			};
			name = Debug;
		};
		8412E9532080BBF60021EB7D /* Release */ = {
			isa = XCBuildConfiguration;
			buildSettings = {
				ASSETCATALOG_COMPILER_APPICON_NAME = AppIcon;
				CODE_SIGN_STYLE = Automatic;
				INFOPLIST_FILE = TechMonster/Info.plist;
				LD_RUNPATH_SEARCH_PATHS = "$(inherited) @executable_path/Frameworks";
				PRODUCT_BUNDLE_IDENTIFIER = com.yoshiki.TechMonster;
				PRODUCT_NAME = "$(TARGET_NAME)";
				SWIFT_VERSION = 4.0;
				TARGETED_DEVICE_FAMILY = "1,2";
			};
			name = Release;
		};
		8412E9552080BBF60021EB7D /* Debug */ = {
			isa = XCBuildConfiguration;
			buildSettings = {
				ALWAYS_EMBED_SWIFT_STANDARD_LIBRARIES = YES;
				BUNDLE_LOADER = "$(TEST_HOST)";
				CODE_SIGN_STYLE = Automatic;
				INFOPLIST_FILE = TechMonsterTests/Info.plist;
				LD_RUNPATH_SEARCH_PATHS = "$(inherited) @executable_path/Frameworks @loader_path/Frameworks";
				PRODUCT_BUNDLE_IDENTIFIER = com.yoshiki.TechMonsterTests;
				PRODUCT_NAME = "$(TARGET_NAME)";
				SWIFT_VERSION = 4.0;
				TARGETED_DEVICE_FAMILY = "1,2";
				TEST_HOST = "$(BUILT_PRODUCTS_DIR)/TechMonster.app/TechMonster";
			};
			name = Debug;
		};
		8412E9562080BBF60021EB7D /* Release */ = {
			isa = XCBuildConfiguration;
			buildSettings = {
				ALWAYS_EMBED_SWIFT_STANDARD_LIBRARIES = YES;
				BUNDLE_LOADER = "$(TEST_HOST)";
				CODE_SIGN_STYLE = Automatic;
				INFOPLIST_FILE = TechMonsterTests/Info.plist;
				LD_RUNPATH_SEARCH_PATHS = "$(inherited) @executable_path/Frameworks @loader_path/Frameworks";
				PRODUCT_BUNDLE_IDENTIFIER = com.yoshiki.TechMonsterTests;
				PRODUCT_NAME = "$(TARGET_NAME)";
				SWIFT_VERSION = 4.0;
				TARGETED_DEVICE_FAMILY = "1,2";
				TEST_HOST = "$(BUILT_PRODUCTS_DIR)/TechMonster.app/TechMonster";
			};
			name = Release;
		};
		8412E9582080BBF60021EB7D /* Debug */ = {
			isa = XCBuildConfiguration;
			buildSettings = {
				ALWAYS_EMBED_SWIFT_STANDARD_LIBRARIES = YES;
				CODE_SIGN_STYLE = Automatic;
				INFOPLIST_FILE = TechMonsterUITests/Info.plist;
				LD_RUNPATH_SEARCH_PATHS = "$(inherited) @executable_path/Frameworks @loader_path/Frameworks";
				PRODUCT_BUNDLE_IDENTIFIER = com.yoshiki.TechMonsterUITests;
				PRODUCT_NAME = "$(TARGET_NAME)";
				SWIFT_VERSION = 4.0;
				TARGETED_DEVICE_FAMILY = "1,2";
				TEST_TARGET_NAME = TechMonster;
			};
			name = Debug;
		};
		8412E9592080BBF60021EB7D /* Release */ = {
			isa = XCBuildConfiguration;
			buildSettings = {
				ALWAYS_EMBED_SWIFT_STANDARD_LIBRARIES = YES;
				CODE_SIGN_STYLE = Automatic;
				INFOPLIST_FILE = TechMonsterUITests/Info.plist;
				LD_RUNPATH_SEARCH_PATHS = "$(inherited) @executable_path/Frameworks @loader_path/Frameworks";
				PRODUCT_BUNDLE_IDENTIFIER = com.yoshiki.TechMonsterUITests;
				PRODUCT_NAME = "$(TARGET_NAME)";
				SWIFT_VERSION = 4.0;
				TARGETED_DEVICE_FAMILY = "1,2";
				TEST_TARGET_NAME = TechMonster;
			};
			name = Release;
		};
/* End XCBuildConfiguration section */

/* Begin XCConfigurationList section */
		8412E9242080BBF60021EB7D /* Build configuration list for PBXProject "TechMonster" */ = {
			isa = XCConfigurationList;
			buildConfigurations = (
				8412E94F2080BBF60021EB7D /* Debug */,
				8412E9502080BBF60021EB7D /* Release */,
			);
			defaultConfigurationIsVisible = 0;
			defaultConfigurationName = Release;
		};
		8412E9512080BBF60021EB7D /* Build configuration list for PBXNativeTarget "TechMonster" */ = {
			isa = XCConfigurationList;
			buildConfigurations = (
				8412E9522080BBF60021EB7D /* Debug */,
				8412E9532080BBF60021EB7D /* Release */,
			);
			defaultConfigurationIsVisible = 0;
			defaultConfigurationName = Release;
		};
		8412E9542080BBF60021EB7D /* Build configuration list for PBXNativeTarget "TechMonsterTests" */ = {
			isa = XCConfigurationList;
			buildConfigurations = (
				8412E9552080BBF60021EB7D /* Debug */,
				8412E9562080BBF60021EB7D /* Release */,
			);
			defaultConfigurationIsVisible = 0;
			defaultConfigurationName = Release;
		};
		8412E9572080BBF60021EB7D /* Build configuration list for PBXNativeTarget "TechMonsterUITests" */ = {
			isa = XCConfigurationList;
			buildConfigurations = (
				8412E9582080BBF60021EB7D /* Debug */,
				8412E9592080BBF60021EB7D /* Release */,
			);
			defaultConfigurationIsVisible = 0;
			defaultConfigurationName = Release;
		};
/* End XCConfigurationList section */
	};
	rootObject = 8412E9212080BBF60021EB7D /* Project object */;
}
